{
  "nodes": {
    "nixpkgs": {
      "locked": {
        "lastModified": 1683504292,
        "narHash": "sha256-jlZbBIKGa6IMGkcJkQ08pbKnouTAPfeq1fD5I7l/rBw=",
        "owner": "nixos",
        "repo": "nixpkgs",
        "rev": "ba0086c178d4ed60a7899f739caea553eca2e046",
        "type": "github"
      },
      "original": {
        "owner": "nixos",
        "ref": "release-22.11",
        "repo": "nixpkgs",
        "type": "github"
      }
    },
    "root": {
      "inputs": {
        "nixpkgs": "nixpkgs"
      }
    }
  },
  "root": "root",
  "version": 7
}
