{
  "nodes": {
    "nixpkgs": {
      "locked": {
        "lastModified": 1682389866,
        "narHash": "sha256-rECwjGCuvjXme6QVGiNdt6pVpFwquGDJe2gR6xuEoeU=",
        "owner": "nixos",
        "repo": "nixpkgs",
        "rev": "29c07054efdbbb8719e8e5487c86878215b7205a",
        "type": "github"
      },
      "original": {
        "owner": "nixos",
        "ref": "release-22.11",
        "repo": "nixpkgs",
        "type": "github"
      }
    },
    "root": {
      "inputs": {
        "nixpkgs": "nixpkgs"
      }
    }
  },
  "root": "root",
  "version": 7
}
